// !$*UTF8*$!
{
	archiveVersion = 1;
	classes = {
	};
	objectVersion = 56;
	objects = {

/* Begin PBXBuildFile section */
		A20BFF522B0A307900B68911 /* CharacterTableVC.swift in Sources */ = {isa = PBXBuildFile; fileRef = A20BFF512B0A307800B68911 /* CharacterTableVC.swift */; };
		A20BFF542B0A32EE00B68911 /* CharacterTableVCell.swift in Sources */ = {isa = PBXBuildFile; fileRef = A20BFF532B0A32EE00B68911 /* CharacterTableVCell.swift */; };
		A20BFF582B0A56E700B68911 /* LabelCustomView.swift in Sources */ = {isa = PBXBuildFile; fileRef = A20BFF572B0A56E700B68911 /* LabelCustomView.swift */; };
		A251D3462AFFC56200DAB7C8 /* AppDelegate.swift in Sources */ = {isa = PBXBuildFile; fileRef = A251D3452AFFC56200DAB7C8 /* AppDelegate.swift */; };
		A251D3482AFFC56200DAB7C8 /* SceneDelegate.swift in Sources */ = {isa = PBXBuildFile; fileRef = A251D3472AFFC56200DAB7C8 /* SceneDelegate.swift */; };
		A251D34A2AFFC56200DAB7C8 /* EpisodesViewController.swift in Sources */ = {isa = PBXBuildFile; fileRef = A251D3492AFFC56200DAB7C8 /* EpisodesViewController.swift */; };
		A251D34F2AFFC56500DAB7C8 /* Assets.xcassets in Resources */ = {isa = PBXBuildFile; fileRef = A251D34E2AFFC56500DAB7C8 /* Assets.xcassets */; };
		A251D3522AFFC56500DAB7C8 /* LaunchScreen.storyboard in Resources */ = {isa = PBXBuildFile; fileRef = A251D3502AFFC56500DAB7C8 /* LaunchScreen.storyboard */; };
		A251D35A2B000D9800DAB7C8 /* LaunchScreenViewController.swift in Sources */ = {isa = PBXBuildFile; fileRef = A251D3592B000D9800DAB7C8 /* LaunchScreenViewController.swift */; };
		A251D35C2B00C87500DAB7C8 /* TabBarController.swift in Sources */ = {isa = PBXBuildFile; fileRef = A251D35B2B00C87400DAB7C8 /* TabBarController.swift */; };
		A251D35E2B00CDA300DAB7C8 /* FavoritesViewController.swift in Sources */ = {isa = PBXBuildFile; fileRef = A251D35D2B00CDA300DAB7C8 /* FavoritesViewController.swift */; };
		A2BD253C2B03AECB00240D9B /* EpisModel.swift in Sources */ = {isa = PBXBuildFile; fileRef = A2BD253B2B03AECB00240D9B /* EpisModel.swift */; };
		A2BD253E2B03F45C00240D9B /* NetworkService.swift in Sources */ = {isa = PBXBuildFile; fileRef = A2BD253D2B03F45C00240D9B /* NetworkService.swift */; };
		A2BF55EC2B0153E800765B5D /* EpisodesViewCell.swift in Sources */ = {isa = PBXBuildFile; fileRef = A2BF55EB2B0153E800765B5D /* EpisodesViewCell.swift */; };
/* End PBXBuildFile section */

/* Begin PBXFileReference section */
		A20BFF512B0A307800B68911 /* CharacterTableVC.swift */ = {isa = PBXFileReference; lastKnownFileType = sourcecode.swift; path = CharacterTableVC.swift; sourceTree = "<group>"; };
		A20BFF532B0A32EE00B68911 /* CharacterTableVCell.swift */ = {isa = PBXFileReference; lastKnownFileType = sourcecode.swift; path = CharacterTableVCell.swift; sourceTree = "<group>"; };
		A20BFF572B0A56E700B68911 /* LabelCustomView.swift */ = {isa = PBXFileReference; lastKnownFileType = sourcecode.swift; path = LabelCustomView.swift; sourceTree = "<group>"; };
		A251D3422AFFC56200DAB7C8 /* RickAndMorty.app */ = {isa = PBXFileReference; explicitFileType = wrapper.application; includeInIndex = 0; path = RickAndMorty.app; sourceTree = BUILT_PRODUCTS_DIR; };
		A251D3452AFFC56200DAB7C8 /* AppDelegate.swift */ = {isa = PBXFileReference; lastKnownFileType = sourcecode.swift; path = AppDelegate.swift; sourceTree = "<group>"; };
		A251D3472AFFC56200DAB7C8 /* SceneDelegate.swift */ = {isa = PBXFileReference; lastKnownFileType = sourcecode.swift; path = SceneDelegate.swift; sourceTree = "<group>"; };
		A251D3492AFFC56200DAB7C8 /* EpisodesViewController.swift */ = {isa = PBXFileReference; lastKnownFileType = sourcecode.swift; path = EpisodesViewController.swift; sourceTree = "<group>"; };
		A251D34E2AFFC56500DAB7C8 /* Assets.xcassets */ = {isa = PBXFileReference; lastKnownFileType = folder.assetcatalog; path = Assets.xcassets; sourceTree = "<group>"; };
		A251D3512AFFC56500DAB7C8 /* Base */ = {isa = PBXFileReference; lastKnownFileType = file.storyboard; name = Base; path = Base.lproj/LaunchScreen.storyboard; sourceTree = "<group>"; };
		A251D3532AFFC56500DAB7C8 /* Info.plist */ = {isa = PBXFileReference; lastKnownFileType = text.plist.xml; path = Info.plist; sourceTree = "<group>"; };
		A251D3592B000D9800DAB7C8 /* LaunchScreenViewController.swift */ = {isa = PBXFileReference; lastKnownFileType = sourcecode.swift; path = LaunchScreenViewController.swift; sourceTree = "<group>"; };
		A251D35B2B00C87400DAB7C8 /* TabBarController.swift */ = {isa = PBXFileReference; lastKnownFileType = sourcecode.swift; path = TabBarController.swift; sourceTree = "<group>"; };
		A251D35D2B00CDA300DAB7C8 /* FavoritesViewController.swift */ = {isa = PBXFileReference; lastKnownFileType = sourcecode.swift; path = FavoritesViewController.swift; sourceTree = "<group>"; };
		A2BD253B2B03AECB00240D9B /* EpisModel.swift */ = {isa = PBXFileReference; lastKnownFileType = sourcecode.swift; path = EpisModel.swift; sourceTree = "<group>"; };
		A2BD253D2B03F45C00240D9B /* NetworkService.swift */ = {isa = PBXFileReference; lastKnownFileType = sourcecode.swift; path = NetworkService.swift; sourceTree = "<group>"; };
		A2BF55EB2B0153E800765B5D /* EpisodesViewCell.swift */ = {isa = PBXFileReference; lastKnownFileType = sourcecode.swift; path = EpisodesViewCell.swift; sourceTree = "<group>"; };
/* End PBXFileReference section */

/* Begin PBXFrameworksBuildPhase section */
		A251D33F2AFFC56200DAB7C8 /* Frameworks */ = {
			isa = PBXFrameworksBuildPhase;
			buildActionMask = 2147483647;
			files = (
			);
			runOnlyForDeploymentPostprocessing = 0;
		};
/* End PBXFrameworksBuildPhase section */

/* Begin PBXGroup section */
		A20BFF552B0A32F600B68911 /* CharacterTableView */ = {
			isa = PBXGroup;
			children = (
				A20BFF512B0A307800B68911 /* CharacterTableVC.swift */,
				A20BFF532B0A32EE00B68911 /* CharacterTableVCell.swift */,
				A20BFF572B0A56E700B68911 /* LabelCustomView.swift */,
			);
			path = CharacterTableView;
			sourceTree = "<group>";
		};
		A20BFF562B0A330700B68911 /* EpisedesVCollectin */ = {
			isa = PBXGroup;
			children = (
				A251D3492AFFC56200DAB7C8 /* EpisodesViewController.swift */,
				A2BF55EB2B0153E800765B5D /* EpisodesViewCell.swift */,
			);
			path = EpisedesVCollectin;
			sourceTree = "<group>";
		};
		A251D3392AFFC56200DAB7C8 = {
			isa = PBXGroup;
			children = (
				A251D3442AFFC56200DAB7C8 /* RickAndMorty */,
				A251D3432AFFC56200DAB7C8 /* Products */,
			);
			sourceTree = "<group>";
		};
		A251D3432AFFC56200DAB7C8 /* Products */ = {
			isa = PBXGroup;
			children = (
				A251D3422AFFC56200DAB7C8 /* RickAndMorty.app */,
			);
			name = Products;
			sourceTree = "<group>";
		};
		A251D3442AFFC56200DAB7C8 /* RickAndMorty */ = {
			isa = PBXGroup;
			children = (
				A2BD253A2B03AEB700240D9B /* Model */,
				A251D3452AFFC56200DAB7C8 /* AppDelegate.swift */,
				A251D3472AFFC56200DAB7C8 /* SceneDelegate.swift */,
				A20BFF562B0A330700B68911 /* EpisedesVCollectin */,
				A20BFF552B0A32F600B68911 /* CharacterTableView */,
				A251D35D2B00CDA300DAB7C8 /* FavoritesViewController.swift */,
				A251D35B2B00C87400DAB7C8 /* TabBarController.swift */,
				A251D3592B000D9800DAB7C8 /* LaunchScreenViewController.swift */,
				A251D34E2AFFC56500DAB7C8 /* Assets.xcassets */,
				A251D3502AFFC56500DAB7C8 /* LaunchScreen.storyboard */,
				A251D3532AFFC56500DAB7C8 /* Info.plist */,
			);
			path = RickAndMorty;
			sourceTree = "<group>";
		};
		A2BD253A2B03AEB700240D9B /* Model */ = {
			isa = PBXGroup;
			children = (
				A2BD253B2B03AECB00240D9B /* EpisModel.swift */,
				A2BD253D2B03F45C00240D9B /* NetworkService.swift */,
			);
			path = Model;
			sourceTree = "<group>";
		};
/* End PBXGroup section */

/* Begin PBXNativeTarget section */
		A251D3412AFFC56200DAB7C8 /* RickAndMorty */ = {
			isa = PBXNativeTarget;
			buildConfigurationList = A251D3562AFFC56500DAB7C8 /* Build configuration list for PBXNativeTarget "RickAndMorty" */;
			buildPhases = (
				A251D33E2AFFC56200DAB7C8 /* Sources */,
				A251D33F2AFFC56200DAB7C8 /* Frameworks */,
				A251D3402AFFC56200DAB7C8 /* Resources */,
			);
			buildRules = (
			);
			dependencies = (
			);
			name = RickAndMorty;
			productName = RickAndMorty;
			productReference = A251D3422AFFC56200DAB7C8 /* RickAndMorty.app */;
			productType = "com.apple.product-type.application";
		};
/* End PBXNativeTarget section */

/* Begin PBXProject section */
		A251D33A2AFFC56200DAB7C8 /* Project object */ = {
			isa = PBXProject;
			attributes = {
				BuildIndependentTargetsInParallel = 1;
				LastSwiftUpdateCheck = 1500;
				LastUpgradeCheck = 1500;
				TargetAttributes = {
					A251D3412AFFC56200DAB7C8 = {
						CreatedOnToolsVersion = 15.0.1;
					};
				};
			};
			buildConfigurationList = A251D33D2AFFC56200DAB7C8 /* Build configuration list for PBXProject "RickAndMorty" */;
			compatibilityVersion = "Xcode 14.0";
			developmentRegion = en;
			hasScannedForEncodings = 0;
			knownRegions = (
				en,
				Base,
			);
			mainGroup = A251D3392AFFC56200DAB7C8;
			productRefGroup = A251D3432AFFC56200DAB7C8 /* Products */;
			projectDirPath = "";
			projectRoot = "";
			targets = (
				A251D3412AFFC56200DAB7C8 /* RickAndMorty */,
			);
		};
/* End PBXProject section */

/* Begin PBXResourcesBuildPhase section */
		A251D3402AFFC56200DAB7C8 /* Resources */ = {
			isa = PBXResourcesBuildPhase;
			buildActionMask = 2147483647;
			files = (
				A251D3522AFFC56500DAB7C8 /* LaunchScreen.storyboard in Resources */,
				A251D34F2AFFC56500DAB7C8 /* Assets.xcassets in Resources */,
			);
			runOnlyForDeploymentPostprocessing = 0;
		};
/* End PBXResourcesBuildPhase section */

/* Begin PBXSourcesBuildPhase section */
		A251D33E2AFFC56200DAB7C8 /* Sources */ = {
			isa = PBXSourcesBuildPhase;
			buildActionMask = 2147483647;
			files = (
				A251D34A2AFFC56200DAB7C8 /* EpisodesViewController.swift in Sources */,
				A251D3462AFFC56200DAB7C8 /* AppDelegate.swift in Sources */,
				A251D35A2B000D9800DAB7C8 /* LaunchScreenViewController.swift in Sources */,
				A251D35C2B00C87500DAB7C8 /* TabBarController.swift in Sources */,
				A2BD253E2B03F45C00240D9B /* NetworkService.swift in Sources */,
				A20BFF542B0A32EE00B68911 /* CharacterTableVCell.swift in Sources */,
				A20BFF582B0A56E700B68911 /* LabelCustomView.swift in Sources */,
				A2BD253C2B03AECB00240D9B /* EpisModel.swift in Sources */,
				A251D35E2B00CDA300DAB7C8 /* FavoritesViewController.swift in Sources */,
				A20BFF522B0A307900B68911 /* CharacterTableVC.swift in Sources */,
				A251D3482AFFC56200DAB7C8 /* SceneDelegate.swift in Sources */,
				A2BF55EC2B0153E800765B5D /* EpisodesViewCell.swift in Sources */,
			);
			runOnlyForDeploymentPostprocessing = 0;
		};
/* End PBXSourcesBuildPhase section */

/* Begin PBXVariantGroup section */
		A251D3502AFFC56500DAB7C8 /* LaunchScreen.storyboard */ = {
			isa = PBXVariantGroup;
			children = (
				A251D3512AFFC56500DAB7C8 /* Base */,
			);
			name = LaunchScreen.storyboard;
			sourceTree = "<group>";
		};
/* End PBXVariantGroup section */

/* Begin XCBuildConfiguration section */
		A251D3542AFFC56500DAB7C8 /* Debug */ = {
			isa = XCBuildConfiguration;
			buildSettings = {
				ALWAYS_SEARCH_USER_PATHS = NO;
				ASSETCATALOG_COMPILER_GENERATE_SWIFT_ASSET_SYMBOL_EXTENSIONS = YES;
				CLANG_ANALYZER_NONNULL = YES;
				CLANG_ANALYZER_NUMBER_OBJECT_CONVERSION = YES_AGGRESSIVE;
				CLANG_CXX_LANGUAGE_STANDARD = "gnu++20";
				CLANG_ENABLE_MODULES = YES;
				CLANG_ENABLE_OBJC_ARC = YES;
				CLANG_ENABLE_OBJC_WEAK = YES;
				CLANG_WARN_BLOCK_CAPTURE_AUTORELEASING = YES;
				CLANG_WARN_BOOL_CONVERSION = YES;
				CLANG_WARN_COMMA = YES;
				CLANG_WARN_CONSTANT_CONVERSION = YES;
				CLANG_WARN_DEPRECATED_OBJC_IMPLEMENTATIONS = YES;
				CLANG_WARN_DIRECT_OBJC_ISA_USAGE = YES_ERROR;
				CLANG_WARN_DOCUMENTATION_COMMENTS = YES;
				CLANG_WARN_EMPTY_BODY = YES;
				CLANG_WARN_ENUM_CONVERSION = YES;
				CLANG_WARN_INFINITE_RECURSION = YES;
				CLANG_WARN_INT_CONVERSION = YES;
				CLANG_WARN_NON_LITERAL_NULL_CONVERSION = YES;
				CLANG_WARN_OBJC_IMPLICIT_RETAIN_SELF = YES;
				CLANG_WARN_OBJC_LITERAL_CONVERSION = YES;
				CLANG_WARN_OBJC_ROOT_CLASS = YES_ERROR;
				CLANG_WARN_QUOTED_INCLUDE_IN_FRAMEWORK_HEADER = YES;
				CLANG_WARN_RANGE_LOOP_ANALYSIS = YES;
				CLANG_WARN_STRICT_PROTOTYPES = YES;
				CLANG_WARN_SUSPICIOUS_MOVE = YES;
				CLANG_WARN_UNGUARDED_AVAILABILITY = YES_AGGRESSIVE;
				CLANG_WARN_UNREACHABLE_CODE = YES;
				CLANG_WARN__DUPLICATE_METHOD_MATCH = YES;
				COPY_PHASE_STRIP = NO;
				DEBUG_INFORMATION_FORMAT = dwarf;
				ENABLE_STRICT_OBJC_MSGSEND = YES;
				ENABLE_TESTABILITY = YES;
				ENABLE_USER_SCRIPT_SANDBOXING = YES;
				GCC_C_LANGUAGE_STANDARD = gnu17;
				GCC_DYNAMIC_NO_PIC = NO;
				GCC_NO_COMMON_BLOCKS = YES;
				GCC_OPTIMIZATION_LEVEL = 0;
				GCC_PREPROCESSOR_DEFINITIONS = (
					"DEBUG=1",
					"$(inherited)",
				);
				GCC_WARN_64_TO_32_BIT_CONVERSION = YES;
				GCC_WARN_ABOUT_RETURN_TYPE = YES_ERROR;
				GCC_WARN_UNDECLARED_SELECTOR = YES;
				GCC_WARN_UNINITIALIZED_AUTOS = YES_AGGRESSIVE;
				GCC_WARN_UNUSED_FUNCTION = YES;
				GCC_WARN_UNUSED_VARIABLE = YES;
				IPHONEOS_DEPLOYMENT_TARGET = 17.0;
				LOCALIZATION_PREFERS_STRING_CATALOGS = YES;
				MTL_ENABLE_DEBUG_INFO = INCLUDE_SOURCE;
				MTL_FAST_MATH = YES;
				ONLY_ACTIVE_ARCH = YES;
				SDKROOT = iphoneos;
				SWIFT_ACTIVE_COMPILATION_CONDITIONS = "DEBUG $(inherited)";
				SWIFT_OPTIMIZATION_LEVEL = "-Onone";
			};
			name = Debug;
		};
		A251D3552AFFC56500DAB7C8 /* Release */ = {
			isa = XCBuildConfiguration;
			buildSettings = {
				ALWAYS_SEARCH_USER_PATHS = NO;
				ASSETCATALOG_COMPILER_GENERATE_SWIFT_ASSET_SYMBOL_EXTENSIONS = YES;
				CLANG_ANALYZER_NONNULL = YES;
				CLANG_ANALYZER_NUMBER_OBJECT_CONVERSION = YES_AGGRESSIVE;
				CLANG_CXX_LANGUAGE_STANDARD = "gnu++20";
				CLANG_ENABLE_MODULES = YES;
				CLANG_ENABLE_OBJC_ARC = YES;
				CLANG_ENABLE_OBJC_WEAK = YES;
				CLANG_WARN_BLOCK_CAPTURE_AUTORELEASING = YES;
				CLANG_WARN_BOOL_CONVERSION = YES;
				CLANG_WARN_COMMA = YES;
				CLANG_WARN_CONSTANT_CONVERSION = YES;
				CLANG_WARN_DEPRECATED_OBJC_IMPLEMENTATIONS = YES;
				CLANG_WARN_DIRECT_OBJC_ISA_USAGE = YES_ERROR;
				CLANG_WARN_DOCUMENTATION_COMMENTS = YES;
				CLANG_WARN_EMPTY_BODY = YES;
				CLANG_WARN_ENUM_CONVERSION = YES;
				CLANG_WARN_INFINITE_RECURSION = YES;
				CLANG_WARN_INT_CONVERSION = YES;
				CLANG_WARN_NON_LITERAL_NULL_CONVERSION = YES;
				CLANG_WARN_OBJC_IMPLICIT_RETAIN_SELF = YES;
				CLANG_WARN_OBJC_LITERAL_CONVERSION = YES;
				CLANG_WARN_OBJC_ROOT_CLASS = YES_ERROR;
				CLANG_WARN_QUOTED_INCLUDE_IN_FRAMEWORK_HEADER = YES;
				CLANG_WARN_RANGE_LOOP_ANALYSIS = YES;
				CLANG_WARN_STRICT_PROTOTYPES = YES;
				CLANG_WARN_SUSPICIOUS_MOVE = YES;
				CLANG_WARN_UNGUARDED_AVAILABILITY = YES_AGGRESSIVE;
				CLANG_WARN_UNREACHABLE_CODE = YES;
				CLANG_WARN__DUPLICATE_METHOD_MATCH = YES;
				COPY_PHASE_STRIP = NO;
				DEBUG_INFORMATION_FORMAT = "dwarf-with-dsym";
				ENABLE_NS_ASSERTIONS = NO;
				ENABLE_STRICT_OBJC_MSGSEND = YES;
				ENABLE_USER_SCRIPT_SANDBOXING = YES;
				GCC_C_LANGUAGE_STANDARD = gnu17;
				GCC_NO_COMMON_BLOCKS = YES;
				GCC_WARN_64_TO_32_BIT_CONVERSION = YES;
				GCC_WARN_ABOUT_RETURN_TYPE = YES_ERROR;
				GCC_WARN_UNDECLARED_SELECTOR = YES;
				GCC_WARN_UNINITIALIZED_AUTOS = YES_AGGRESSIVE;
				GCC_WARN_UNUSED_FUNCTION = YES;
				GCC_WARN_UNUSED_VARIABLE = YES;
				IPHONEOS_DEPLOYMENT_TARGET = 17.0;
				LOCALIZATION_PREFERS_STRING_CATALOGS = YES;
				MTL_ENABLE_DEBUG_INFO = NO;
				MTL_FAST_MATH = YES;
				SDKROOT = iphoneos;
				SWIFT_COMPILATION_MODE = wholemodule;
				VALIDATE_PRODUCT = YES;
			};
			name = Release;
		};
		A251D3572AFFC56500DAB7C8 /* Debug */ = {
			isa = XCBuildConfiguration;
			buildSettings = {
				ASSETCATALOG_COMPILER_APPICON_NAME = AppIcon;
				ASSETCATALOG_COMPILER_GLOBAL_ACCENT_COLOR_NAME = AccentColor;
				CODE_SIGN_STYLE = Automatic;
				CURRENT_PROJECT_VERSION = 1;
				DEVELOPMENT_TEAM = X5CZ3UYLAQ;
				GENERATE_INFOPLIST_FILE = YES;
				INFOPLIST_FILE = RickAndMorty/Info.plist;
				INFOPLIST_KEY_UIApplicationSupportsIndirectInputEvents = YES;
				INFOPLIST_KEY_UILaunchStoryboardName = LaunchScreen;
				INFOPLIST_KEY_UISupportedInterfaceOrientations_iPad = "UIInterfaceOrientationPortrait UIInterfaceOrientationPortraitUpsideDown UIInterfaceOrientationLandscapeLeft UIInterfaceOrientationLandscapeRight";
				INFOPLIST_KEY_UISupportedInterfaceOrientations_iPhone = "UIInterfaceOrientationPortrait UIInterfaceOrientationLandscapeLeft UIInterfaceOrientationLandscapeRight";
				IPHONEOS_DEPLOYMENT_TARGET = 14.0;
				LD_RUNPATH_SEARCH_PATHS = (
					"$(inherited)",
					"@executable_path/Frameworks",
				);
				MARKETING_VERSION = 1.0;
				PRODUCT_BUNDLE_IDENTIFIER = silben.RickAndMorty;
				PRODUCT_NAME = "$(TARGET_NAME)";
				SWIFT_EMIT_LOC_STRINGS = YES;
				SWIFT_VERSION = 5.0;
				TARGETED_DEVICE_FAMILY = "1,2";
			};
			name = Debug;
		};
		A251D3582AFFC56500DAB7C8 /* Release */ = {
			isa = XCBuildConfiguration;
			buildSettings = {
				ASSETCATALOG_COMPILER_APPICON_NAME = AppIcon;
				ASSETCATALOG_COMPILER_GLOBAL_ACCENT_COLOR_NAME = AccentColor;
				CODE_SIGN_STYLE = Automatic;
				CURRENT_PROJECT_VERSION = 1;
				DEVELOPMENT_TEAM = X5CZ3UYLAQ;
				GENERATE_INFOPLIST_FILE = YES;
				INFOPLIST_FILE = RickAndMorty/Info.plist;
				INFOPLIST_KEY_UIApplicationSupportsIndirectInputEvents = YES;
				INFOPLIST_KEY_UILaunchStoryboardName = LaunchScreen;
				INFOPLIST_KEY_UISupportedInterfaceOrientations_iPad = "UIInterfaceOrientationPortrait UIInterfaceOrientationPortraitUpsideDown UIInterfaceOrientationLandscapeLeft UIInterfaceOrientationLandscapeRight";
				INFOPLIST_KEY_UISupportedInterfaceOrientations_iPhone = "UIInterfaceOrientationPortrait UIInterfaceOrientationLandscapeLeft UIInterfaceOrientationLandscapeRight";
				IPHONEOS_DEPLOYMENT_TARGET = 14.0;
				LD_RUNPATH_SEARCH_PATHS = (
					"$(inherited)",
					"@executable_path/Frameworks",
				);
				MARKETING_VERSION = 1.0;
				PRODUCT_BUNDLE_IDENTIFIER = silben.RickAndMorty;
				PRODUCT_NAME = "$(TARGET_NAME)";
				SWIFT_EMIT_LOC_STRINGS = YES;
				SWIFT_VERSION = 5.0;
				TARGETED_DEVICE_FAMILY = "1,2";
			};
			name = Release;
		};
/* End XCBuildConfiguration section */

/* Begin XCConfigurationList section */
		A251D33D2AFFC56200DAB7C8 /* Build configuration list for PBXProject "RickAndMorty" */ = {
			isa = XCConfigurationList;
			buildConfigurations = (
				A251D3542AFFC56500DAB7C8 /* Debug */,
				A251D3552AFFC56500DAB7C8 /* Release */,
			);
			defaultConfigurationIsVisible = 0;
			defaultConfigurationName = Release;
		};
		A251D3562AFFC56500DAB7C8 /* Build configuration list for PBXNativeTarget "RickAndMorty" */ = {
			isa = XCConfigurationList;
			buildConfigurations = (
				A251D3572AFFC56500DAB7C8 /* Debug */,
				A251D3582AFFC56500DAB7C8 /* Release */,
			);
			defaultConfigurationIsVisible = 0;
			defaultConfigurationName = Release;
		};
/* End XCConfigurationList section */
	};
	rootObject = A251D33A2AFFC56200DAB7C8 /* Project object */;
}
